{
    "name": "coolify-realtime",
    "lockfileVersion": 3,
    "requires": true,
    "packages": {
        "": {
            "dependencies": {
                "@xterm/addon-fit": "0.11.0",
                "@xterm/xterm": "6.0.0",
                "cookie": "1.1.1",
                "dotenv": "17.3.1",
                "node-pty": "1.1.0",
                "ws": "8.21.0"
            }
        },
        "node_modules/@xterm/addon-fit": {
            "version": "0.11.0",
            "resolved": "https://registry.npmjs.org/@xterm/addon-fit/-/addon-fit-0.11.0.tgz",
            "integrity": "sha512-jYcgT6xtVYhnhgxh3QgYDnnNMYTcf8ElbxxFzX0IZo+vabQqSPAjC3c1wJrKB5E19VwQei89QCiZZP86DCPF7g==",
            "license": "MIT"
        },
        "node_modules/@xterm/xterm": {
            "version": "6.0.0",
            "resolved": "https://registry.npmjs.org/@xterm/xterm/-/xterm-6.0.0.tgz",
            "integrity": "sha512-TQwDdQGtwwDt+2cgKDLn0IRaSxYu1tSUjgKarSDkUM0ZNiSRXFpjxEsvc/Zgc5kq5omJ+V0a8/kIM2WD3sMOYg==",
            "license": "MIT",
            "workspaces": [
                "addons/*"
            ]
        },
        "node_modules/cookie": {
            "version": "1.1.1",
            "resolved": "https://registry.npmjs.org/cookie/-/cookie-1.1.1.tgz",
            "integrity": "sha512-ei8Aos7ja0weRpFzJnEA9UHJ/7XQmqglbRwnf2ATjcB9Wq874VKH9kfjjirM6UhU2/E5fFYadylyhFldcqSidQ==",
            "license": "MIT",
            "engines": {
                "node": ">=18"
            },
            "funding": {
                "type": "opencollective",
                "url": "https://opencollective.com/express"
            }
        },
        "node_modules/dotenv": {
            "version": "17.3.1",
            "resolved": "https://registry.npmjs.org/dotenv/-/dotenv-17.3.1.tgz",
            "integrity": "sha512-IO8C/dzEb6O3F9/twg6ZLXz164a2fhTnEWb95H23Dm4OuN+92NmEAlTrupP9VW6Jm3sO26tQlqyvyi4CsnY9GA==",
            "license": "BSD-2-Clause",
            "engines": {
                "node": ">=12"
            },
            "funding": {
                "url": "https://dotenvx.com"
            }
        },
        "node_modules/node-addon-api": {
            "version": "7.1.1",
            "resolved": "https://registry.npmjs.org/node-addon-api/-/node-addon-api-7.1.1.tgz",
            "integrity": "sha512-5m3bsyrjFWE1xf7nz7YXdN4udnVtXK6/Yfgn5qnahL6bCkf2yKt4k3nuTKAtT4r3IG8JNR2ncsIMdZuAzJjHQQ==",
            "license": "MIT"
        },
        "node_modules/node-pty": {
            "version": "1.1.0",
            "resolved": "https://registry.npmjs.org/node-pty/-/node-pty-1.1.0.tgz",
            "integrity": "sha512-20JqtutY6JPXTUnL0ij1uad7Qe1baT46lyolh2sSENDd4sTzKZ4nmAFkeAARDKwmlLjPx6XKRlwRUxwjOy+lUg==",
            "hasInstallScript": true,
            "license": "MIT",
            "dependencies": {
                "node-addon-api": "^7.1.0"
            }
        },
        "node_modules/ws": {
            "version": "8.21.0",
            "resolved": "https://registry.npmjs.org/ws/-/ws-8.21.0.tgz",
            "integrity": "sha512-Vsp28b7DRcimFQvrqu2Wek3z1iYxDCWqHYB8Qsnk/S4RfaCQzPGPyBNuVjJV3cd6UiKtUtp6sNM77gWvzcCH+g==",
            "license": "MIT",
            "engines": {
                "node": ">=10.0.0"
            },
            "peerDependencies": {
                "bufferutil": "^4.0.1",
                "utf-8-validate": ">=5.0.2"
            },
            "peerDependenciesMeta": {
                "bufferutil": {
                    "optional": true
                },
                "utf-8-validate": {
                    "optional": true
                }
            }
        }
    }
}
